// !$*UTF8*$!
{
	archiveVersion = 1;
	classes = {
	};
	objectVersion = 55;
	objects = {

/* Begin PBXBuildFile section */
		83AAF5502832BA1800887EE8 /* AppDelegate.mm in Sources */ = {isa = PBXBuildFile; fileRef = 83AAF54F2832BA1800887EE8 /* AppDelegate.mm */; };
		83AAF5532832BA1800887EE8 /* ViewController.m in Sources */ = {isa = PBXBuildFile; fileRef = 83AAF5522832BA1800887EE8 /* ViewController.m */; };
		83AAF5552832BA1900887EE8 /* Assets.xcassets in Resources */ = {isa = PBXBuildFile; fileRef = 83AAF5542832BA1900887EE8 /* Assets.xcassets */; };
		83AAF5582832BA1900887EE8 /* Main.storyboard in Resources */ = {isa = PBXBuildFile; fileRef = 83AAF5562832BA1900887EE8 /* Main.storyboard */; };
		83AAF55A2832BA1900887EE8 /* main.m in Sources */ = {isa = PBXBuildFile; fileRef = 83AAF5592832BA1900887EE8 /* main.m */; };
		83AAF5682832BA2700887EE8 /* Framework.framework in Frameworks */ = {isa = PBXBuildFile; fileRef = 83AAF5662832BA2100887EE8 /* Framework.framework */; };
		83AAF5692832BA2700887EE8 /* Framework.framework in Embed Frameworks */ = {isa = PBXBuildFile; fileRef = 83AAF5662832BA2100887EE8 /* Framework.framework */; settings = {ATTRIBUTES = (CodeSignOnCopy, RemoveHeadersOnCopy, ); }; };
/* End PBXBuildFile section */

/* Begin PBXContainerItemProxy section */
		83AAF5652832BA2100887EE8 /* PBXContainerItemProxy */ = {
			isa = PBXContainerItemProxy;
			containerPortal = 83AAF5612832BA2100887EE8 /* Framework.xcodeproj */;
			proxyType = 2;
			remoteGlobalIDString = 83AAF52F2832B9AC00887EE8;
			remoteInfo = Framework;
		};
/* End PBXContainerItemProxy section */

/* Begin PBXCopyFilesBuildPhase section */
		83AAF56A2832BA2700887EE8 /* Embed Frameworks */ = {
			isa = PBXCopyFilesBuildPhase;
			buildActionMask = 2147483647;
			dstPath = "";
			dstSubfolderSpec = 10;
			files = (
				83AAF5692832BA2700887EE8 /* Framework.framework in Embed Frameworks */,
			);
			name = "Embed Frameworks";
			runOnlyForDeploymentPostprocessing = 0;
		};
/* End PBXCopyFilesBuildPhase section */

/* Begin PBXFileReference section */
		83AAF54B2832BA1800887EE8 /* Hoster.app */ = {isa = PBXFileReference; explicitFileType = wrapper.application; includeInIndex = 0; path = Hoster.app; sourceTree = BUILT_PRODUCTS_DIR; };
		83AAF54E2832BA1800887EE8 /* AppDelegate.h */ = {isa = PBXFileReference; lastKnownFileType = sourcecode.c.h; path = AppDelegate.h; sourceTree = "<group>"; };
		83AAF54F2832BA1800887EE8 /* AppDelegate.mm */ = {isa = PBXFileReference; lastKnownFileType = sourcecode.cpp.objcpp; path = AppDelegate.mm; sourceTree = "<group>"; };
		83AAF5512832BA1800887EE8 /* ViewController.h */ = {isa = PBXFileReference; lastKnownFileType = sourcecode.c.h; path = ViewController.h; sourceTree = "<group>"; };
		83AAF5522832BA1800887EE8 /* ViewController.m */ = {isa = PBXFileReference; lastKnownFileType = sourcecode.c.objc; path = ViewController.m; sourceTree = "<group>"; };
		83AAF5542832BA1900887EE8 /* Assets.xcassets */ = {isa = PBXFileReference; lastKnownFileType = folder.assetcatalog; path = Assets.xcassets; sourceTree = "<group>"; };
		83AAF5572832BA1900887EE8 /* Base */ = {isa = PBXFileReference; lastKnownFileType = file.storyboard; name = Base; path = Base.lproj/Main.storyboard; sourceTree = "<group>"; };
		83AAF5592832BA1900887EE8 /* main.m */ = {isa = PBXFileReference; lastKnownFileType = sourcecode.c.objc; path = main.m; sourceTree = "<group>"; };
		83AAF55B2832BA1900887EE8 /* Hoster.entitlements */ = {isa = PBXFileReference; lastKnownFileType = text.plist.entitlements; path = Hoster.entitlements; sourceTree = "<group>"; };
		83AAF5612832BA2100887EE8 /* Framework.xcodeproj */ = {isa = PBXFileReference; lastKnownFileType = "wrapper.pb-project"; name = Framework.xcodeproj; path = ../Framework/Framework.xcodeproj; sourceTree = "<group>"; };
/* End PBXFileReference section */

/* Begin PBXFrameworksBuildPhase section */
		83AAF5482832BA1800887EE8 /* Frameworks */ = {
			isa = PBXFrameworksBuildPhase;
			buildActionMask = 2147483647;
			files = (
				83AAF5682832BA2700887EE8 /* Framework.framework in Frameworks */,
			);
			runOnlyForDeploymentPostprocessing = 0;
		};
/* End PBXFrameworksBuildPhase section */

/* Begin PBXGroup section */
		83AAF5422832BA1800887EE8 = {
			isa = PBXGroup;
			children = (
				83AAF5612832BA2100887EE8 /* Framework.xcodeproj */,
				83AAF54D2832BA1800887EE8 /* Hoster */,
				83AAF54C2832BA1800887EE8 /* Products */,
				83AAF5672832BA2700887EE8 /* Frameworks */,
			);
			sourceTree = "<group>";
		};
		83AAF54C2832BA1800887EE8 /* Products */ = {
			isa = PBXGroup;
			children = (
				83AAF54B2832BA1800887EE8 /* Hoster.app */,
			);
			name = Products;
			sourceTree = "<group>";
		};
		83AAF54D2832BA1800887EE8 /* Hoster */ = {
			isa = PBXGroup;
			children = (
				83AAF54E2832BA1800887EE8 /* AppDelegate.h */,
				83AAF54F2832BA1800887EE8 /* AppDelegate.mm */,
				83AAF5512832BA1800887EE8 /* ViewController.h */,
				83AAF5522832BA1800887EE8 /* ViewController.m */,
				83AAF5542832BA1900887EE8 /* Assets.xcassets */,
				83AAF5562832BA1900887EE8 /* Main.storyboard */,
				83AAF5592832BA1900887EE8 /* main.m */,
				83AAF55B2832BA1900887EE8 /* Hoster.entitlements */,
			);
			path = Hoster;
			sourceTree = "<group>";
		};
		83AAF5622832BA2100887EE8 /* Products */ = {
			isa = PBXGroup;
			children = (
				83AAF5662832BA2100887EE8 /* Framework.framework */,
			);
			name = Products;
			sourceTree = "<group>";
		};
		83AAF5672832BA2700887EE8 /* Frameworks */ = {
			isa = PBXGroup;
			children = (
			);
			name = Frameworks;
			sourceTree = "<group>";
		};
/* End PBXGroup section */

/* Begin PBXNativeTarget section */
		83AAF54A2832BA1800887EE8 /* Hoster */ = {
			isa = PBXNativeTarget;
			buildConfigurationList = 83AAF55E2832BA1900887EE8 /* Build configuration list for PBXNativeTarget "Hoster" */;
			buildPhases = (
				83AAF5472832BA1800887EE8 /* Sources */,
				83AAF5482832BA1800887EE8 /* Frameworks */,
				83AAF5492832BA1800887EE8 /* Resources */,
				83AAF56A2832BA2700887EE8 /* Embed Frameworks */,
			);
			buildRules = (
			);
			dependencies = (
			);
			name = Hoster;
			productName = Hoster;
			productReference = 83AAF54B2832BA1800887EE8 /* Hoster.app */;
			productType = "com.apple.product-type.application";
		};
/* End PBXNativeTarget section */

/* Begin PBXProject section */
		83AAF5432832BA1800887EE8 /* Project object */ = {
			isa = PBXProject;
			attributes = {
				BuildIndependentTargetsInParallel = 1;
				LastUpgradeCheck = 1320;
				TargetAttributes = {
					83AAF54A2832BA1800887EE8 = {
						CreatedOnToolsVersion = 13.2.1;
					};
				};
			};
			buildConfigurationList = 83AAF5462832BA1800887EE8 /* Build configuration list for PBXProject "Hoster" */;
			compatibilityVersion = "Xcode 13.0";
			developmentRegion = en;
			hasScannedForEncodings = 0;
			knownRegions = (
				en,
				Base,
			);
			mainGroup = 83AAF5422832BA1800887EE8;
			productRefGroup = 83AAF54C2832BA1800887EE8 /* Products */;
			projectDirPath = "";
			projectReferences = (
				{
					ProductGroup = 83AAF5622832BA2100887EE8 /* Products */;
					ProjectRef = 83AAF5612832BA2100887EE8 /* Framework.xcodeproj */;
				},
			);
			projectRoot = "";
			targets = (
				83AAF54A2832BA1800887EE8 /* Hoster */,
			);
		};
/* End PBXProject section */

/* Begin PBXReferenceProxy section */
		83AAF5662832BA2100887EE8 /* Framework.framework */ = {
			isa = PBXReferenceProxy;
			fileType = wrapper.framework;
			path = Framework.framework;
			remoteRef = 83AAF5652832BA2100887EE8 /* PBXContainerItemProxy */;
			sourceTree = BUILT_PRODUCTS_DIR;
		};
/* End PBXReferenceProxy section */

/* Begin PBXResourcesBuildPhase section */
		83AAF5492832BA1800887EE8 /* Resources */ = {
			isa = PBXResourcesBuildPhase;
			buildActionMask = 2147483647;
			files = (
				83AAF5552832BA1900887EE8 /* Assets.xcassets in Resources */,
				83AAF5582832BA1900887EE8 /* Main.storyboard in Resources */,
			);
			runOnlyForDeploymentPostprocessing = 0;
		};
/* End PBXResourcesBuildPhase section */

/* Begin PBXSourcesBuildPhase section */
		83AAF5472832BA1800887EE8 /* Sources */ = {
			isa = PBXSourcesBuildPhase;
			buildActionMask = 2147483647;
			files = (
				83AAF5532832BA1800887EE8 /* ViewController.m in Sources */,
				83AAF55A2832BA1900887EE8 /* main.m in Sources */,
				83AAF5502832BA1800887EE8 /* AppDelegate.mm in Sources */,
			);
			runOnlyForDeploymentPostprocessing = 0;
		};
/* End PBXSourcesBuildPhase section */

/* Begin PBXVariantGroup section */
		83AAF5562832BA1900887EE8 /* Main.storyboard */ = {
			isa = PBXVariantGroup;
			children = (
				83AAF5572832BA1900887EE8 /* Base */,
			);
			name = Main.storyboard;
			sourceTree = "<group>";
		};
/* End PBXVariantGroup section */

/* Begin XCBuildConfiguration section */
		83AAF55C2832BA1900887EE8 /* Debug */ = {
			isa = XCBuildConfiguration;
			buildSettings = {
				ALWAYS_SEARCH_USER_PATHS = NO;
				CLANG_ANALYZER_NONNULL = YES;
				CLANG_ANALYZER_NUMBER_OBJECT_CONVERSION = YES_AGGRESSIVE;
				CLANG_CXX_LANGUAGE_STANDARD = "gnu++17";
				CLANG_CXX_LIBRARY = "libc++";
				CLANG_ENABLE_MODULES = YES;
				CLANG_ENABLE_OBJC_ARC = YES;
				CLANG_ENABLE_OBJC_WEAK = YES;
				CLANG_WARN_BLOCK_CAPTURE_AUTORELEASING = YES;
				CLANG_WARN_BOOL_CONVERSION = YES;
				CLANG_WARN_COMMA = YES;
				CLANG_WARN_CONSTANT_CONVERSION = YES;
				CLANG_WARN_DEPRECATED_OBJC_IMPLEMENTATIONS = YES;
				CLANG_WARN_DIRECT_OBJC_ISA_USAGE = YES_ERROR;
				CLANG_WARN_DOCUMENTATION_COMMENTS = YES;
				CLANG_WARN_EMPTY_BODY = YES;
				CLANG_WARN_ENUM_CONVERSION = YES;
				CLANG_WARN_INFINITE_RECURSION = YES;
				CLANG_WARN_INT_CONVERSION = YES;
				CLANG_WARN_NON_LITERAL_NULL_CONVERSION = YES;
				CLANG_WARN_OBJC_IMPLICIT_RETAIN_SELF = YES;
				CLANG_WARN_OBJC_LITERAL_CONVERSION = YES;
				CLANG_WARN_OBJC_ROOT_CLASS = YES_ERROR;
				CLANG_WARN_QUOTED_INCLUDE_IN_FRAMEWORK_HEADER = YES;
				CLANG_WARN_RANGE_LOOP_ANALYSIS = YES;
				CLANG_WARN_STRICT_PROTOTYPES = YES;
				CLANG_WARN_SUSPICIOUS_MOVE = YES;
				CLANG_WARN_UNGUARDED_AVAILABILITY = YES_AGGRESSIVE;
				CLANG_WARN_UNREACHABLE_CODE = YES;
				CLANG_WARN__DUPLICATE_METHOD_MATCH = YES;
				COPY_PHASE_STRIP = NO;
				DEBUG_INFORMATION_FORMAT = dwarf;
				ENABLE_STRICT_OBJC_MSGSEND = YES;
				ENABLE_TESTABILITY = YES;
				GCC_C_LANGUAGE_STANDARD = gnu11;
				GCC_DYNAMIC_NO_PIC = NO;
				GCC_NO_COMMON_BLOCKS = YES;
				GCC_OPTIMIZATION_LEVEL = 0;
				GCC_PREPROCESSOR_DEFINITIONS = (
					"DEBUG=1",
					"$(inherited)",
				);
				GCC_WARN_64_TO_32_BIT_CONVERSION = YES;
				GCC_WARN_ABOUT_RETURN_TYPE = YES_ERROR;
				GCC_WARN_UNDECLARED_SELECTOR = YES;
				GCC_WARN_UNINITIALIZED_AUTOS = YES_AGGRESSIVE;
				GCC_WARN_UNUSED_FUNCTION = YES;
				GCC_WARN_UNUSED_VARIABLE = YES;
				MACOSX_DEPLOYMENT_TARGET = 12.1;
				MTL_ENABLE_DEBUG_INFO = INCLUDE_SOURCE;
				MTL_FAST_MATH = YES;
				ONLY_ACTIVE_ARCH = YES;
				SDKROOT = macosx;
			};
			name = Debug;
		};
		83AAF55D2832BA1900887EE8 /* Release */ = {
			isa = XCBuildConfiguration;
			buildSettings = {
				ALWAYS_SEARCH_USER_PATHS = NO;
				CLANG_ANALYZER_NONNULL = YES;
				CLANG_ANALYZER_NUMBER_OBJECT_CONVERSION = YES_AGGRESSIVE;
				CLANG_CXX_LANGUAGE_STANDARD = "gnu++17";
				CLANG_CXX_LIBRARY = "libc++";
				CLANG_ENABLE_MODULES = YES;
				CLANG_ENABLE_OBJC_ARC = YES;
				CLANG_ENABLE_OBJC_WEAK = YES;
				CLANG_WARN_BLOCK_CAPTURE_AUTORELEASING = YES;
				CLANG_WARN_BOOL_CONVERSION = YES;
				CLANG_WARN_COMMA = YES;
				CLANG_WARN_CONSTANT_CONVERSION = YES;
				CLANG_WARN_DEPRECATED_OBJC_IMPLEMENTATIONS = YES;
				CLANG_WARN_DIRECT_OBJC_ISA_USAGE = YES_ERROR;
				CLANG_WARN_DOCUMENTATION_COMMENTS = YES;
				CLANG_WARN_EMPTY_BODY = YES;
				CLANG_WARN_ENUM_CONVERSION = YES;
				CLANG_WARN_INFINITE_RECURSION = YES;
				CLANG_WARN_INT_CONVERSION = YES;
				CLANG_WARN_NON_LITERAL_NULL_CONVERSION = YES;
				CLANG_WARN_OBJC_IMPLICIT_RETAIN_SELF = YES;
				CLANG_WARN_OBJC_LITERAL_CONVERSION = YES;
				CLANG_WARN_OBJC_ROOT_CLASS = YES_ERROR;
				CLANG_WARN_QUOTED_INCLUDE_IN_FRAMEWORK_HEADER = YES;
				CLANG_WARN_RANGE_LOOP_ANALYSIS = YES;
				CLANG_WARN_STRICT_PROTOTYPES = YES;
				CLANG_WARN_SUSPICIOUS_MOVE = YES;
				CLANG_WARN_UNGUARDED_AVAILABILITY = YES_AGGRESSIVE;
				CLANG_WARN_UNREACHABLE_CODE = YES;
				CLANG_WARN__DUPLICATE_METHOD_MATCH = YES;
				COPY_PHASE_STRIP = NO;
				DEBUG_INFORMATION_FORMAT = "dwarf-with-dsym";
				ENABLE_NS_ASSERTIONS = NO;
				ENABLE_STRICT_OBJC_MSGSEND = YES;
				GCC_C_LANGUAGE_STANDARD = gnu11;
				GCC_NO_COMMON_BLOCKS = YES;
				GCC_WARN_64_TO_32_BIT_CONVERSION = YES;
				GCC_WARN_ABOUT_RETURN_TYPE = YES_ERROR;
				GCC_WARN_UNDECLARED_SELECTOR = YES;
				GCC_WARN_UNINITIALIZED_AUTOS = YES_AGGRESSIVE;
				GCC_WARN_UNUSED_FUNCTION = YES;
				GCC_WARN_UNUSED_VARIABLE = YES;
				MACOSX_DEPLOYMENT_TARGET = 12.1;
				MTL_ENABLE_DEBUG_INFO = NO;
				MTL_FAST_MATH = YES;
				SDKROOT = macosx;
			};
			name = Release;
		};
		83AAF55F2832BA1900887EE8 /* Debug */ = {
			isa = XCBuildConfiguration;
			buildSettings = {
				ASSETCATALOG_COMPILER_APPICON_NAME = AppIcon;
				ASSETCATALOG_COMPILER_GLOBAL_ACCENT_COLOR_NAME = AccentColor;
				CODE_SIGN_ENTITLEMENTS = Hoster/Hoster.entitlements;
				CODE_SIGN_STYLE = Automatic;
				COMBINE_HIDPI_IMAGES = YES;
				CURRENT_PROJECT_VERSION = 1;
				DEVELOPMENT_TEAM = 5RMZ3ZU3DS;
				ENABLE_HARDENED_RUNTIME = YES;
				GENERATE_INFOPLIST_FILE = YES;
				INFOPLIST_KEY_NSHumanReadableCopyright = "";
				INFOPLIST_KEY_NSMainStoryboardFile = Main;
				INFOPLIST_KEY_NSPrincipalClass = NSApplication;
				LD_RUNPATH_SEARCH_PATHS = (
					"$(inherited)",
					"@executable_path/../Frameworks",
				);
				MARKETING_VERSION = 1.0;
				PRODUCT_BUNDLE_IDENTIFIER = com.shapedbyiris.Hoster;
				PRODUCT_NAME = "$(TARGET_NAME)";
				SWIFT_EMIT_LOC_STRINGS = YES;
			};
			name = Debug;
		};
		83AAF5602832BA1900887EE8 /* Release */ = {
			isa = XCBuildConfiguration;
			buildSettings = {
				ASSETCATALOG_COMPILER_APPICON_NAME = AppIcon;
				ASSETCATALOG_COMPILER_GLOBAL_ACCENT_COLOR_NAME = AccentColor;
				CODE_SIGN_ENTITLEMENTS = Hoster/Hoster.entitlements;
				CODE_SIGN_STYLE = Automatic;
				COMBINE_HIDPI_IMAGES = YES;
				CURRENT_PROJECT_VERSION = 1;
				DEVELOPMENT_TEAM = 5RMZ3ZU3DS;
				ENABLE_HARDENED_RUNTIME = YES;
				GENERATE_INFOPLIST_FILE = YES;
				INFOPLIST_KEY_NSHumanReadableCopyright = "";
				INFOPLIST_KEY_NSMainStoryboardFile = Main;
				INFOPLIST_KEY_NSPrincipalClass = NSApplication;
				LD_RUNPATH_SEARCH_PATHS = (
					"$(inherited)",
					"@executable_path/../Frameworks",
				);
				MARKETING_VERSION = 1.0;
				PRODUCT_BUNDLE_IDENTIFIER = com.shapedbyiris.Hoster;
				PRODUCT_NAME = "$(TARGET_NAME)";
				SWIFT_EMIT_LOC_STRINGS = YES;
			};
			name = Release;
		};
/* End XCBuildConfiguration section */

/* Begin XCConfigurationList section */
		83AAF5462832BA1800887EE8 /* Build configuration list for PBXProject "Hoster" */ = {
			isa = XCConfigurationList;
			buildConfigurations = (
				83AAF55C2832BA1900887EE8 /* Debug */,
				83AAF55D2832BA1900887EE8 /* Release */,
			);
			defaultConfigurationIsVisible = 0;
			defaultConfigurationName = Release;
		};
		83AAF55E2832BA1900887EE8 /* Build configuration list for PBXNativeTarget "Hoster" */ = {
			isa = XCConfigurationList;
			buildConfigurations = (
				83AAF55F2832BA1900887EE8 /* Debug */,
				83AAF5602832BA1900887EE8 /* Release */,
			);
			defaultConfigurationIsVisible = 0;
			defaultConfigurationName = Release;
		};
/* End XCConfigurationList section */
	};
	rootObject = 83AAF5432832BA1800887EE8 /* Project object */;
}
